
Microsoft Visual Studio Solution File, Format Version 12.00
# Visual Studio Version 16
VisualStudioVersion = 16.0.33328.57
MinimumVisualStudioVersion = 10.0.40219.1
Project("{FAE04EC0-301F-11D3-BF4B-00C04F79EFBC}") = "WindowsFormsAppControleVendas", "WindowsFormsAppControleVendas\WindowsFormsAppControleVendas.csproj", "{DBFA54C4-1C4B-4119-BD6B-722B11F71413}"
EndProject
Global
	GlobalSection(SolutionConfigurationPlatforms) = preSolution
		Debug|Any CPU = Debug|Any CPU
		Release|Any CPU = Release|Any CPU
	EndGlobalSection
	GlobalSection(ProjectConfigurationPlatforms) = postSolution
		{DBFA54C4-1C4B-4119-BD6B-722B11F71413}.Debug|Any CPU.ActiveCfg = Debug|Any CPU
		{DBFA54C4-1C4B-4119-BD6B-722B11F71413}.Debug|Any CPU.Build.0 = Debug|Any CPU
		{DBFA54C4-1C4B-4119-BD6B-722B11F71413}.Release|Any CPU.ActiveCfg = Release|Any CPU
		{DBFA54C4-1C4B-4119-BD6B-722B11F71413}.Release|Any CPU.Build.0 = Release|Any CPU
	EndGlobalSection
	GlobalSection(SolutionProperties) = preSolution
		HideSolutionNode = FALSE
	EndGlobalSection
	GlobalSection(ExtensibilityGlobals) = postSolution
		SolutionGuid = {0C909288-1133-4573-83AC-8CEAF1088F8F}
	EndGlobalSection
EndGlobal
